// !$*UTF8*$!
{
	archiveVersion = 1;
	classes = {
	};
	objectVersion = 50;
	objects = {

/* Begin PBXBuildFile section */
		6752281C212193D100894AF9 /* DistanceViewController.swift in Sources */ = {isa = PBXBuildFile; fileRef = 6752281B212193D100894AF9 /* DistanceViewController.swift */; };
		6752281E2121941300894AF9 /* SpeedViewController.swift in Sources */ = {isa = PBXBuildFile; fileRef = 6752281D2121941200894AF9 /* SpeedViewController.swift */; };
		676FEAE9211EC22A005B1048 /* AppDelegate.swift in Sources */ = {isa = PBXBuildFile; fileRef = 676FEAE8211EC22A005B1048 /* AppDelegate.swift */; };
		676FEAEB211EC22A005B1048 /* WeightViewController.swift in Sources */ = {isa = PBXBuildFile; fileRef = 676FEAEA211EC22A005B1048 /* WeightViewController.swift */; };
		676FEAED211EC22A005B1048 /* TemperatureViewController.swift in Sources */ = {isa = PBXBuildFile; fileRef = 676FEAEC211EC22A005B1048 /* TemperatureViewController.swift */; };
		676FEAF0211EC22A005B1048 /* Main.storyboard in Resources */ = {isa = PBXBuildFile; fileRef = 676FEAEE211EC22A005B1048 /* Main.storyboard */; };
		676FEAF2211EC22C005B1048 /* Assets.xcassets in Resources */ = {isa = PBXBuildFile; fileRef = 676FEAF1211EC22C005B1048 /* Assets.xcassets */; };
		676FEAF5211EC22C005B1048 /* LaunchScreen.storyboard in Resources */ = {isa = PBXBuildFile; fileRef = 676FEAF3211EC22C005B1048 /* LaunchScreen.storyboard */; };
		676FEB00211EC22C005B1048 /* UnitConvertorTests.swift in Sources */ = {isa = PBXBuildFile; fileRef = 676FEAFF211EC22C005B1048 /* UnitConvertorTests.swift */; };
		676FEB0B211EC22C005B1048 /* UnitConvertorUITests.swift in Sources */ = {isa = PBXBuildFile; fileRef = 676FEB0A211EC22C005B1048 /* UnitConvertorUITests.swift */; };
/* End PBXBuildFile section */

/* Begin PBXContainerItemProxy section */
		676FEAFC211EC22C005B1048 /* PBXContainerItemProxy */ = {
			isa = PBXContainerItemProxy;
			containerPortal = 676FEADD211EC22A005B1048 /* Project object */;
			proxyType = 1;
			remoteGlobalIDString = 676FEAE4211EC22A005B1048;
			remoteInfo = UnitConvertor;
		};
		676FEB07211EC22C005B1048 /* PBXContainerItemProxy */ = {
			isa = PBXContainerItemProxy;
			containerPortal = 676FEADD211EC22A005B1048 /* Project object */;
			proxyType = 1;
			remoteGlobalIDString = 676FEAE4211EC22A005B1048;
			remoteInfo = UnitConvertor;
		};
/* End PBXContainerItemProxy section */

/* Begin PBXFileReference section */
		6752281B212193D100894AF9 /* DistanceViewController.swift */ = {isa = PBXFileReference; lastKnownFileType = sourcecode.swift; path = DistanceViewController.swift; sourceTree = "<group>"; };
		6752281D2121941200894AF9 /* SpeedViewController.swift */ = {isa = PBXFileReference; lastKnownFileType = sourcecode.swift; path = SpeedViewController.swift; sourceTree = "<group>"; };
		676FEAE5211EC22A005B1048 /* UnitConvertor.app */ = {isa = PBXFileReference; explicitFileType = wrapper.application; includeInIndex = 0; path = UnitConvertor.app; sourceTree = BUILT_PRODUCTS_DIR; };
		676FEAE8211EC22A005B1048 /* AppDelegate.swift */ = {isa = PBXFileReference; lastKnownFileType = sourcecode.swift; path = AppDelegate.swift; sourceTree = "<group>"; };
		676FEAEA211EC22A005B1048 /* WeightViewController.swift */ = {isa = PBXFileReference; lastKnownFileType = sourcecode.swift; path = WeightViewController.swift; sourceTree = "<group>"; };
		676FEAEC211EC22A005B1048 /* TemperatureViewController.swift */ = {isa = PBXFileReference; lastKnownFileType = sourcecode.swift; path = TemperatureViewController.swift; sourceTree = "<group>"; };
		676FEAEF211EC22A005B1048 /* Base */ = {isa = PBXFileReference; lastKnownFileType = file.storyboard; name = Base; path = Base.lproj/Main.storyboard; sourceTree = "<group>"; };
		676FEAF1211EC22C005B1048 /* Assets.xcassets */ = {isa = PBXFileReference; lastKnownFileType = folder.assetcatalog; path = Assets.xcassets; sourceTree = "<group>"; };
		676FEAF4211EC22C005B1048 /* Base */ = {isa = PBXFileReference; lastKnownFileType = file.storyboard; name = Base; path = Base.lproj/LaunchScreen.storyboard; sourceTree = "<group>"; };
		676FEAF6211EC22C005B1048 /* Info.plist */ = {isa = PBXFileReference; lastKnownFileType = text.plist.xml; path = Info.plist; sourceTree = "<group>"; };
		676FEAFB211EC22C005B1048 /* UnitConvertorTests.xctest */ = {isa = PBXFileReference; explicitFileType = wrapper.cfbundle; includeInIndex = 0; path = UnitConvertorTests.xctest; sourceTree = BUILT_PRODUCTS_DIR; };
		676FEAFF211EC22C005B1048 /* UnitConvertorTests.swift */ = {isa = PBXFileReference; lastKnownFileType = sourcecode.swift; path = UnitConvertorTests.swift; sourceTree = "<group>"; };
		676FEB01211EC22C005B1048 /* Info.plist */ = {isa = PBXFileReference; lastKnownFileType = text.plist.xml; path = Info.plist; sourceTree = "<group>"; };
		676FEB06211EC22C005B1048 /* UnitConvertorUITests.xctest */ = {isa = PBXFileReference; explicitFileType = wrapper.cfbundle; includeInIndex = 0; path = UnitConvertorUITests.xctest; sourceTree = BUILT_PRODUCTS_DIR; };
		676FEB0A211EC22C005B1048 /* UnitConvertorUITests.swift */ = {isa = PBXFileReference; lastKnownFileType = sourcecode.swift; path = UnitConvertorUITests.swift; sourceTree = "<group>"; };
		676FEB0C211EC22C005B1048 /* Info.plist */ = {isa = PBXFileReference; lastKnownFileType = text.plist.xml; path = Info.plist; sourceTree = "<group>"; };
/* End PBXFileReference section */

/* Begin PBXFrameworksBuildPhase section */
		676FEAE2211EC22A005B1048 /* Frameworks */ = {
			isa = PBXFrameworksBuildPhase;
			buildActionMask = 2147483647;
			files = (
			);
			runOnlyForDeploymentPostprocessing = 0;
		};
		676FEAF8211EC22C005B1048 /* Frameworks */ = {
			isa = PBXFrameworksBuildPhase;
			buildActionMask = 2147483647;
			files = (
			);
			runOnlyForDeploymentPostprocessing = 0;
		};
		676FEB03211EC22C005B1048 /* Frameworks */ = {
			isa = PBXFrameworksBuildPhase;
			buildActionMask = 2147483647;
			files = (
			);
			runOnlyForDeploymentPostprocessing = 0;
		};
/* End PBXFrameworksBuildPhase section */

/* Begin PBXGroup section */
		676FEADC211EC22A005B1048 = {
			isa = PBXGroup;
			children = (
				676FEAE7211EC22A005B1048 /* UnitConvertor */,
				676FEAFE211EC22C005B1048 /* UnitConvertorTests */,
				676FEB09211EC22C005B1048 /* UnitConvertorUITests */,
				676FEAE6211EC22A005B1048 /* Products */,
			);
			sourceTree = "<group>";
		};
		676FEAE6211EC22A005B1048 /* Products */ = {
			isa = PBXGroup;
			children = (
				676FEAE5211EC22A005B1048 /* UnitConvertor.app */,
				676FEAFB211EC22C005B1048 /* UnitConvertorTests.xctest */,
				676FEB06211EC22C005B1048 /* UnitConvertorUITests.xctest */,
			);
			name = Products;
			sourceTree = "<group>";
		};
		676FEAE7211EC22A005B1048 /* UnitConvertor */ = {
			isa = PBXGroup;
			children = (
				676FEAE8211EC22A005B1048 /* AppDelegate.swift */,
				676FEAEA211EC22A005B1048 /* WeightViewController.swift */,
				676FEAEC211EC22A005B1048 /* TemperatureViewController.swift */,
				676FEAEE211EC22A005B1048 /* Main.storyboard */,
				676FEAF1211EC22C005B1048 /* Assets.xcassets */,
				676FEAF3211EC22C005B1048 /* LaunchScreen.storyboard */,
				676FEAF6211EC22C005B1048 /* Info.plist */,
				6752281B212193D100894AF9 /* DistanceViewController.swift */,
				6752281D2121941200894AF9 /* SpeedViewController.swift */,
			);
			path = UnitConvertor;
			sourceTree = "<group>";
		};
		676FEAFE211EC22C005B1048 /* UnitConvertorTests */ = {
			isa = PBXGroup;
			children = (
				676FEAFF211EC22C005B1048 /* UnitConvertorTests.swift */,
				676FEB01211EC22C005B1048 /* Info.plist */,
			);
			path = UnitConvertorTests;
			sourceTree = "<group>";
		};
		676FEB09211EC22C005B1048 /* UnitConvertorUITests */ = {
			isa = PBXGroup;
			children = (
				676FEB0A211EC22C005B1048 /* UnitConvertorUITests.swift */,
				676FEB0C211EC22C005B1048 /* Info.plist */,
			);
			path = UnitConvertorUITests;
			sourceTree = "<group>";
		};
/* End PBXGroup section */

/* Begin PBXNativeTarget section */
		676FEAE4211EC22A005B1048 /* UnitConvertor */ = {
			isa = PBXNativeTarget;
			buildConfigurationList = 676FEB0F211EC22C005B1048 /* Build configuration list for PBXNativeTarget "UnitConvertor" */;
			buildPhases = (
				676FEAE1211EC22A005B1048 /* Sources */,
				676FEAE2211EC22A005B1048 /* Frameworks */,
				676FEAE3211EC22A005B1048 /* Resources */,
			);
			buildRules = (
			);
			dependencies = (
			);
			name = UnitConvertor;
			productName = UnitConvertor;
			productReference = 676FEAE5211EC22A005B1048 /* UnitConvertor.app */;
			productType = "com.apple.product-type.application";
		};
		676FEAFA211EC22C005B1048 /* UnitConvertorTests */ = {
			isa = PBXNativeTarget;
			buildConfigurationList = 676FEB12211EC22C005B1048 /* Build configuration list for PBXNativeTarget "UnitConvertorTests" */;
			buildPhases = (
				676FEAF7211EC22C005B1048 /* Sources */,
				676FEAF8211EC22C005B1048 /* Frameworks */,
				676FEAF9211EC22C005B1048 /* Resources */,
			);
			buildRules = (
			);
			dependencies = (
				676FEAFD211EC22C005B1048 /* PBXTargetDependency */,
			);
			name = UnitConvertorTests;
			productName = UnitConvertorTests;
			productReference = 676FEAFB211EC22C005B1048 /* UnitConvertorTests.xctest */;
			productType = "com.apple.product-type.bundle.unit-test";
		};
		676FEB05211EC22C005B1048 /* UnitConvertorUITests */ = {
			isa = PBXNativeTarget;
			buildConfigurationList = 676FEB15211EC22C005B1048 /* Build configuration list for PBXNativeTarget "UnitConvertorUITests" */;
			buildPhases = (
				676FEB02211EC22C005B1048 /* Sources */,
				676FEB03211EC22C005B1048 /* Frameworks */,
				676FEB04211EC22C005B1048 /* Resources */,
			);
			buildRules = (
			);
			dependencies = (
				676FEB08211EC22C005B1048 /* PBXTargetDependency */,
			);
			name = UnitConvertorUITests;
			productName = UnitConvertorUITests;
			productReference = 676FEB06211EC22C005B1048 /* UnitConvertorUITests.xctest */;
			productType = "com.apple.product-type.bundle.ui-testing";
		};
/* End PBXNativeTarget section */

/* Begin PBXProject section */
		676FEADD211EC22A005B1048 /* Project object */ = {
			isa = PBXProject;
			attributes = {
				LastSwiftUpdateCheck = 0940;
				LastUpgradeCheck = 0940;
				ORGANIZATIONNAME = "Shalitha Mihiranga";
				TargetAttributes = {
					676FEAE4211EC22A005B1048 = {
						CreatedOnToolsVersion = 9.4;
					};
					676FEAFA211EC22C005B1048 = {
						CreatedOnToolsVersion = 9.4;
						TestTargetID = 676FEAE4211EC22A005B1048;
					};
					676FEB05211EC22C005B1048 = {
						CreatedOnToolsVersion = 9.4;
						TestTargetID = 676FEAE4211EC22A005B1048;
					};
				};
			};
			buildConfigurationList = 676FEAE0211EC22A005B1048 /* Build configuration list for PBXProject "UnitConvertor" */;
			compatibilityVersion = "Xcode 9.3";
			developmentRegion = en;
			hasScannedForEncodings = 0;
			knownRegions = (
				en,
				Base,
			);
			mainGroup = 676FEADC211EC22A005B1048;
			productRefGroup = 676FEAE6211EC22A005B1048 /* Products */;
			projectDirPath = "";
			projectRoot = "";
			targets = (
				676FEAE4211EC22A005B1048 /* UnitConvertor */,
				676FEAFA211EC22C005B1048 /* UnitConvertorTests */,
				676FEB05211EC22C005B1048 /* UnitConvertorUITests */,
			);
		};
/* End PBXProject section */

/* Begin PBXResourcesBuildPhase section */
		676FEAE3211EC22A005B1048 /* Resources */ = {
			isa = PBXResourcesBuildPhase;
			buildActionMask = 2147483647;
			files = (
				676FEAF5211EC22C005B1048 /* LaunchScreen.storyboard in Resources */,
				676FEAF2211EC22C005B1048 /* Assets.xcassets in Resources */,
				676FEAF0211EC22A005B1048 /* Main.storyboard in Resources */,
			);
			runOnlyForDeploymentPostprocessing = 0;
		};
		676FEAF9211EC22C005B1048 /* Resources */ = {
			isa = PBXResourcesBuildPhase;
			buildActionMask = 2147483647;
			files = (
			);
			runOnlyForDeploymentPostprocessing = 0;
		};
		676FEB04211EC22C005B1048 /* Resources */ = {
			isa = PBXResourcesBuildPhase;
			buildActionMask = 2147483647;
			files = (
			);
			runOnlyForDeploymentPostprocessing = 0;
		};
/* End PBXResourcesBuildPhase section */

/* Begin PBXSourcesBuildPhase section */
		676FEAE1211EC22A005B1048 /* Sources */ = {
			isa = PBXSourcesBuildPhase;
			buildActionMask = 2147483647;
			files = (
				676FEAED211EC22A005B1048 /* TemperatureViewController.swift in Sources */,
				6752281E2121941300894AF9 /* SpeedViewController.swift in Sources */,
				6752281C212193D100894AF9 /* DistanceViewController.swift in Sources */,
				676FEAE9211EC22A005B1048 /* AppDelegate.swift in Sources */,
				676FEAEB211EC22A005B1048 /* WeightViewController.swift in Sources */,
			);
			runOnlyForDeploymentPostprocessing = 0;
		};
		676FEAF7211EC22C005B1048 /* Sources */ = {
			isa = PBXSourcesBuildPhase;
			buildActionMask = 2147483647;
			files = (
				676FEB00211EC22C005B1048 /* UnitConvertorTests.swift in Sources */,
			);
			runOnlyForDeploymentPostprocessing = 0;
		};
		676FEB02211EC22C005B1048 /* Sources */ = {
			isa = PBXSourcesBuildPhase;
			buildActionMask = 2147483647;
			files = (
				676FEB0B211EC22C005B1048 /* UnitConvertorUITests.swift in Sources */,
			);
			runOnlyForDeploymentPostprocessing = 0;
		};
/* End PBXSourcesBuildPhase section */

/* Begin PBXTargetDependency section */
		676FEAFD211EC22C005B1048 /* PBXTargetDependency */ = {
			isa = PBXTargetDependency;
			target = 676FEAE4211EC22A005B1048 /* UnitConvertor */;
			targetProxy = 676FEAFC211EC22C005B1048 /* PBXContainerItemProxy */;
		};
		676FEB08211EC22C005B1048 /* PBXTargetDependency */ = {
			isa = PBXTargetDependency;
			target = 676FEAE4211EC22A005B1048 /* UnitConvertor */;
			targetProxy = 676FEB07211EC22C005B1048 /* PBXContainerItemProxy */;
		};
/* End PBXTargetDependency section */

/* Begin PBXVariantGroup section */
		676FEAEE211EC22A005B1048 /* Main.storyboard */ = {
			isa = PBXVariantGroup;
			children = (
				676FEAEF211EC22A005B1048 /* Base */,
			);
			name = Main.storyboard;
			sourceTree = "<group>";
		};
		676FEAF3211EC22C005B1048 /* LaunchScreen.storyboard */ = {
			isa = PBXVariantGroup;
			children = (
				676FEAF4211EC22C005B1048 /* Base */,
			);
			name = LaunchScreen.storyboard;
			sourceTree = "<group>";
		};
/* End PBXVariantGroup section */

/* Begin XCBuildConfiguration section */
		676FEB0D211EC22C005B1048 /* Debug */ = {
			isa = XCBuildConfiguration;
			buildSettings = {
				ALWAYS_SEARCH_USER_PATHS = NO;
				CLANG_ANALYZER_NONNULL = YES;
				CLANG_ANALYZER_NUMBER_OBJECT_CONVERSION = YES_AGGRESSIVE;
				CLANG_CXX_LANGUAGE_STANDARD = "gnu++14";
				CLANG_CXX_LIBRARY = "libc++";
				CLANG_ENABLE_MODULES = YES;
				CLANG_ENABLE_OBJC_ARC = YES;
				CLANG_ENABLE_OBJC_WEAK = YES;
				CLANG_WARN_BLOCK_CAPTURE_AUTORELEASING = YES;
				CLANG_WARN_BOOL_CONVERSION = YES;
				CLANG_WARN_COMMA = YES;
				CLANG_WARN_CONSTANT_CONVERSION = YES;
				CLANG_WARN_DEPRECATED_OBJC_IMPLEMENTATIONS = YES;
				CLANG_WARN_DIRECT_OBJC_ISA_USAGE = YES_ERROR;
				CLANG_WARN_DOCUMENTATION_COMMENTS = YES;
				CLANG_WARN_EMPTY_BODY = YES;
				CLANG_WARN_ENUM_CONVERSION = YES;
				CLANG_WARN_INFINITE_RECURSION = YES;
				CLANG_WARN_INT_CONVERSION = YES;
				CLANG_WARN_NON_LITERAL_NULL_CONVERSION = YES;
				CLANG_WARN_OBJC_IMPLICIT_RETAIN_SELF = YES;
				CLANG_WARN_OBJC_LITERAL_CONVERSION = YES;
				CLANG_WARN_OBJC_ROOT_CLASS = YES_ERROR;
				CLANG_WARN_RANGE_LOOP_ANALYSIS = YES;
				CLANG_WARN_STRICT_PROTOTYPES = YES;
				CLANG_WARN_SUSPICIOUS_MOVE = YES;
				CLANG_WARN_UNGUARDED_AVAILABILITY = YES_AGGRESSIVE;
				CLANG_WARN_UNREACHABLE_CODE = YES;
				CLANG_WARN__DUPLICATE_METHOD_MATCH = YES;
				CODE_SIGN_IDENTITY = "iPhone Developer";
				COPY_PHASE_STRIP = NO;
				DEBUG_INFORMATION_FORMAT = dwarf;
				ENABLE_STRICT_OBJC_MSGSEND = YES;
				ENABLE_TESTABILITY = YES;
				GCC_C_LANGUAGE_STANDARD = gnu11;
				GCC_DYNAMIC_NO_PIC = NO;
				GCC_NO_COMMON_BLOCKS = YES;
				GCC_OPTIMIZATION_LEVEL = 0;
				GCC_PREPROCESSOR_DEFINITIONS = (
					"DEBUG=1",
					"$(inherited)",
				);
				GCC_WARN_64_TO_32_BIT_CONVERSION = YES;
				GCC_WARN_ABOUT_RETURN_TYPE = YES_ERROR;
				GCC_WARN_UNDECLARED_SELECTOR = YES;
				GCC_WARN_UNINITIALIZED_AUTOS = YES_AGGRESSIVE;
				GCC_WARN_UNUSED_FUNCTION = YES;
				GCC_WARN_UNUSED_VARIABLE = YES;
				IPHONEOS_DEPLOYMENT_TARGET = 11.4;
				MTL_ENABLE_DEBUG_INFO = YES;
				ONLY_ACTIVE_ARCH = YES;
				SDKROOT = iphoneos;
				SWIFT_ACTIVE_COMPILATION_CONDITIONS = DEBUG;
				SWIFT_OPTIMIZATION_LEVEL = "-Onone";
			};
			name = Debug;
		};
		676FEB0E211EC22C005B1048 /* Release */ = {
			isa = XCBuildConfiguration;
			buildSettings = {
				ALWAYS_SEARCH_USER_PATHS = NO;
				CLANG_ANALYZER_NONNULL = YES;
				CLANG_ANALYZER_NUMBER_OBJECT_CONVERSION = YES_AGGRESSIVE;
				CLANG_CXX_LANGUAGE_STANDARD = "gnu++14";
				CLANG_CXX_LIBRARY = "libc++";
				CLANG_ENABLE_MODULES = YES;
				CLANG_ENABLE_OBJC_ARC = YES;
				CLANG_ENABLE_OBJC_WEAK = YES;
				CLANG_WARN_BLOCK_CAPTURE_AUTORELEASING = YES;
				CLANG_WARN_BOOL_CONVERSION = YES;
				CLANG_WARN_COMMA = YES;
				CLANG_WARN_CONSTANT_CONVERSION = YES;
				CLANG_WARN_DEPRECATED_OBJC_IMPLEMENTATIONS = YES;
				CLANG_WARN_DIRECT_OBJC_ISA_USAGE = YES_ERROR;
				CLANG_WARN_DOCUMENTATION_COMMENTS = YES;
				CLANG_WARN_EMPTY_BODY = YES;
				CLANG_WARN_ENUM_CONVERSION = YES;
				CLANG_WARN_INFINITE_RECURSION = YES;
				CLANG_WARN_INT_CONVERSION = YES;
				CLANG_WARN_NON_LITERAL_NULL_CONVERSION = YES;
				CLANG_WARN_OBJC_IMPLICIT_RETAIN_SELF = YES;
				CLANG_WARN_OBJC_LITERAL_CONVERSION = YES;
				CLANG_WARN_OBJC_ROOT_CLASS = YES_ERROR;
				CLANG_WARN_RANGE_LOOP_ANALYSIS = YES;
				CLANG_WARN_STRICT_PROTOTYPES = YES;
				CLANG_WARN_SUSPICIOUS_MOVE = YES;
				CLANG_WARN_UNGUARDED_AVAILABILITY = YES_AGGRESSIVE;
				CLANG_WARN_UNREACHABLE_CODE = YES;
				CLANG_WARN__DUPLICATE_METHOD_MATCH = YES;
				CODE_SIGN_IDENTITY = "iPhone Developer";
				COPY_PHASE_STRIP = NO;
				DEBUG_INFORMATION_FORMAT = "dwarf-with-dsym";
				ENABLE_NS_ASSERTIONS = NO;
				ENABLE_STRICT_OBJC_MSGSEND = YES;
				GCC_C_LANGUAGE_STANDARD = gnu11;
				GCC_NO_COMMON_BLOCKS = YES;
				GCC_WARN_64_TO_32_BIT_CONVERSION = YES;
				GCC_WARN_ABOUT_RETURN_TYPE = YES_ERROR;
				GCC_WARN_UNDECLARED_SELECTOR = YES;
				GCC_WARN_UNINITIALIZED_AUTOS = YES_AGGRESSIVE;
				GCC_WARN_UNUSED_FUNCTION = YES;
				GCC_WARN_UNUSED_VARIABLE = YES;
				IPHONEOS_DEPLOYMENT_TARGET = 11.4;
				MTL_ENABLE_DEBUG_INFO = NO;
				SDKROOT = iphoneos;
				SWIFT_COMPILATION_MODE = wholemodule;
				SWIFT_OPTIMIZATION_LEVEL = "-O";
				VALIDATE_PRODUCT = YES;
			};
			name = Release;
		};
		676FEB10211EC22C005B1048 /* Debug */ = {
			isa = XCBuildConfiguration;
			buildSettings = {
				ASSETCATALOG_COMPILER_APPICON_NAME = AppIcon;
				CODE_SIGN_STYLE = Automatic;
				DEVELOPMENT_TEAM = 3WXB7FP32N;
				INFOPLIST_FILE = UnitConvertor/Info.plist;
				IPHONEOS_DEPLOYMENT_TARGET = 11.0;
				LD_RUNPATH_SEARCH_PATHS = (
					"$(inherited)",
					"@executable_path/Frameworks",
				);
				PRODUCT_BUNDLE_IDENTIFIER = Sliit.MADD.UnitConvertor;
				PRODUCT_NAME = "$(TARGET_NAME)";
				SWIFT_VERSION = 4.0;
				TARGETED_DEVICE_FAMILY = "1,2";
			};
			name = Debug;
		};
		676FEB11211EC22C005B1048 /* Release */ = {
			isa = XCBuildConfiguration;
			buildSettings = {
				ASSETCATALOG_COMPILER_APPICON_NAME = AppIcon;
				CODE_SIGN_STYLE = Automatic;
				DEVELOPMENT_TEAM = 3WXB7FP32N;
				INFOPLIST_FILE = UnitConvertor/Info.plist;
				IPHONEOS_DEPLOYMENT_TARGET = 11.0;
				LD_RUNPATH_SEARCH_PATHS = (
					"$(inherited)",
					"@executable_path/Frameworks",
				);
				PRODUCT_BUNDLE_IDENTIFIER = Sliit.MADD.UnitConvertor;
				PRODUCT_NAME = "$(TARGET_NAME)";
				SWIFT_VERSION = 4.0;
				TARGETED_DEVICE_FAMILY = "1,2";
			};
			name = Release;
		};
		676FEB13211EC22C005B1048 /* Debug */ = {
			isa = XCBuildConfiguration;
			buildSettings = {
				ALWAYS_EMBED_SWIFT_STANDARD_LIBRARIES = YES;
				BUNDLE_LOADER = "$(TEST_HOST)";
				CODE_SIGN_STYLE = Automatic;
				INFOPLIST_FILE = UnitConvertorTests/Info.plist;
				LD_RUNPATH_SEARCH_PATHS = (
					"$(inherited)",
					"@executable_path/Frameworks",
					"@loader_path/Frameworks",
				);
				PRODUCT_BUNDLE_IDENTIFIER = Sliit.MADD.UnitConvertorTests;
				PRODUCT_NAME = "$(TARGET_NAME)";
				SWIFT_VERSION = 4.0;
				TARGETED_DEVICE_FAMILY = "1,2";
				TEST_HOST = "$(BUILT_PRODUCTS_DIR)/UnitConvertor.app/UnitConvertor";
			};
			name = Debug;
		};
		676FEB14211EC22C005B1048 /* Release */ = {
			isa = XCBuildConfiguration;
			buildSettings = {
				ALWAYS_EMBED_SWIFT_STANDARD_LIBRARIES = YES;
				BUNDLE_LOADER = "$(TEST_HOST)";
				CODE_SIGN_STYLE = Automatic;
				INFOPLIST_FILE = UnitConvertorTests/Info.plist;
				LD_RUNPATH_SEARCH_PATHS = (
					"$(inherited)",
					"@executable_path/Frameworks",
					"@loader_path/Frameworks",
				);
				PRODUCT_BUNDLE_IDENTIFIER = Sliit.MADD.UnitConvertorTests;
				PRODUCT_NAME = "$(TARGET_NAME)";
				SWIFT_VERSION = 4.0;
				TARGETED_DEVICE_FAMILY = "1,2";
				TEST_HOST = "$(BUILT_PRODUCTS_DIR)/UnitConvertor.app/UnitConvertor";
			};
			name = Release;
		};
		676FEB16211EC22C005B1048 /* Debug */ = {
			isa = XCBuildConfiguration;
			buildSettings = {
				ALWAYS_EMBED_SWIFT_STANDARD_LIBRARIES = YES;
				CODE_SIGN_STYLE = Automatic;
				INFOPLIST_FILE = UnitConvertorUITests/Info.plist;
				LD_RUNPATH_SEARCH_PATHS = (
					"$(inherited)",
					"@executable_path/Frameworks",
					"@loader_path/Frameworks",
				);
				PRODUCT_BUNDLE_IDENTIFIER = Sliit.MADD.UnitConvertorUITests;
				PRODUCT_NAME = "$(TARGET_NAME)";
				SWIFT_VERSION = 4.0;
				TARGETED_DEVICE_FAMILY = "1,2";
				TEST_TARGET_NAME = UnitConvertor;
			};
			name = Debug;
		};
		676FEB17211EC22C005B1048 /* Release */ = {
			isa = XCBuildConfiguration;
			buildSettings = {
				ALWAYS_EMBED_SWIFT_STANDARD_LIBRARIES = YES;
				CODE_SIGN_STYLE = Automatic;
				INFOPLIST_FILE = UnitConvertorUITests/Info.plist;
				LD_RUNPATH_SEARCH_PATHS = (
					"$(inherited)",
					"@executable_path/Frameworks",
					"@loader_path/Frameworks",
				);
				PRODUCT_BUNDLE_IDENTIFIER = Sliit.MADD.UnitConvertorUITests;
				PRODUCT_NAME = "$(TARGET_NAME)";
				SWIFT_VERSION = 4.0;
				TARGETED_DEVICE_FAMILY = "1,2";
				TEST_TARGET_NAME = UnitConvertor;
			};
			name = Release;
		};
/* End XCBuildConfiguration section */

/* Begin XCConfigurationList section */
		676FEAE0211EC22A005B1048 /* Build configuration list for PBXProject "UnitConvertor" */ = {
			isa = XCConfigurationList;
			buildConfigurations = (
				676FEB0D211EC22C005B1048 /* Debug */,
				676FEB0E211EC22C005B1048 /* Release */,
			);
			defaultConfigurationIsVisible = 0;
			defaultConfigurationName = Release;
		};
		676FEB0F211EC22C005B1048 /* Build configuration list for PBXNativeTarget "UnitConvertor" */ = {
			isa = XCConfigurationList;
			buildConfigurations = (
				676FEB10211EC22C005B1048 /* Debug */,
				676FEB11211EC22C005B1048 /* Release */,
			);
			defaultConfigurationIsVisible = 0;
			defaultConfigurationName = Release;
		};
		676FEB12211EC22C005B1048 /* Build configuration list for PBXNativeTarget "UnitConvertorTests" */ = {
			isa = XCConfigurationList;
			buildConfigurations = (
				676FEB13211EC22C005B1048 /* Debug */,
				676FEB14211EC22C005B1048 /* Release */,
			);
			defaultConfigurationIsVisible = 0;
			defaultConfigurationName = Release;
		};
		676FEB15211EC22C005B1048 /* Build configuration list for PBXNativeTarget "UnitConvertorUITests" */ = {
			isa = XCConfigurationList;
			buildConfigurations = (
				676FEB16211EC22C005B1048 /* Debug */,
				676FEB17211EC22C005B1048 /* Release */,
			);
			defaultConfigurationIsVisible = 0;
			defaultConfigurationName = Release;
		};
/* End XCConfigurationList section */
	};
	rootObject = 676FEADD211EC22A005B1048 /* Project object */;
}
